
Microsoft Visual Studio Solution File, Format Version 12.00
# Visual Studio Version 16
VisualStudioVersion = 25.0.1706.0
MinimumVisualStudioVersion = 10.0.40219.1
Project("{FAE04EC0-301F-11D3-BF4B-00C04F79EFBC}") = "Day3", "Day3\Day3.csproj", "{15FD248E-5EDD-4011-96E9-357709A96562}"
EndProject
Global
	GlobalSection(SolutionConfigurationPlatforms) = preSolution
		Debug|Any CPU = Debug|Any CPU
		Release|Any CPU = Release|Any CPU
	EndGlobalSection
	GlobalSection(ProjectConfigurationPlatforms) = postSolution
		{15FD248E-5EDD-4011-96E9-357709A96562}.Debug|Any CPU.ActiveCfg = Debug|Any CPU
		{15FD248E-5EDD-4011-96E9-357709A96562}.Debug|Any CPU.Build.0 = Debug|Any CPU
		{15FD248E-5EDD-4011-96E9-357709A96562}.Release|Any CPU.ActiveCfg = Release|Any CPU
		{15FD248E-5EDD-4011-96E9-357709A96562}.Release|Any CPU.Build.0 = Release|Any CPU
	EndGlobalSection
	GlobalSection(SolutionProperties) = preSolution
		HideSolutionNode = FALSE
	EndGlobalSection
	GlobalSection(ExtensibilityGlobals) = postSolution
		SolutionGuid = {0587910E-82B1-455E-A04A-76C9F0C04A33}
	EndGlobalSection
EndGlobal
